
Microsoft Visual Studio Solution File, Format Version 12.00
# Visual Studio Version 16
VisualStudioVersion = 16.0.29905.134
MinimumVisualStudioVersion = 10.0.40219.1
Project("{FAE04EC0-301F-11D3-BF4B-00C04F79EFBC}") = "SalesWebMvc", "SalesWebMvc\SalesWebMvc.csproj", "{FBBD7446-116A-4274-98C4-542A7A49CE3B}"
EndProject
Global
	GlobalSection(SolutionConfigurationPlatforms) = preSolution
		Debug|Any CPU = Debug|Any CPU
		Release|Any CPU = Release|Any CPU
	EndGlobalSection
	GlobalSection(ProjectConfigurationPlatforms) = postSolution
		{FBBD7446-116A-4274-98C4-542A7A49CE3B}.Debug|Any CPU.ActiveCfg = Debug|Any CPU
		{FBBD7446-116A-4274-98C4-542A7A49CE3B}.Debug|Any CPU.Build.0 = Debug|Any CPU
		{FBBD7446-116A-4274-98C4-542A7A49CE3B}.Release|Any CPU.ActiveCfg = Release|Any CPU
		{FBBD7446-116A-4274-98C4-542A7A49CE3B}.Release|Any CPU.Build.0 = Release|Any CPU
	EndGlobalSection
	GlobalSection(SolutionProperties) = preSolution
		HideSolutionNode = FALSE
	EndGlobalSection
	GlobalSection(ExtensibilityGlobals) = postSolution
		SolutionGuid = {7DF03487-DE87-4382-963F-8D823BFE7737}
	EndGlobalSection
EndGlobal
